
Microsoft Visual Studio Solution File, Format Version 12.00
# Visual Studio Version 16
VisualStudioVersion = 16.0.29411.108
MinimumVisualStudioVersion = 10.0.40219.1
Project("{FAE04EC0-301F-11D3-BF4B-00C04F79EFBC}") = "SeaBattle.Service", "SeaBattle.Service\SeaBattle.Service.csproj", "{29D0D48B-B529-4E3D-9516-2A819CB84A58}"
EndProject
Project("{FAE04EC0-301F-11D3-BF4B-00C04F79EFBC}") = "SeaBattle.Client", "SeaBattle.Client\SeaBattle.Client.csproj", "{EA4250DB-8903-4C99-B428-6B5348CD5D95}"
EndProject
Global
	GlobalSection(SolutionConfigurationPlatforms) = preSolution
		Debug|Any CPU = Debug|Any CPU
		Release|Any CPU = Release|Any CPU
	EndGlobalSection
	GlobalSection(ProjectConfigurationPlatforms) = postSolution
		{29D0D48B-B529-4E3D-9516-2A819CB84A58}.Debug|Any CPU.ActiveCfg = Debug|Any CPU
		{29D0D48B-B529-4E3D-9516-2A819CB84A58}.Debug|Any CPU.Build.0 = Debug|Any CPU
		{29D0D48B-B529-4E3D-9516-2A819CB84A58}.Release|Any CPU.ActiveCfg = Release|Any CPU
		{29D0D48B-B529-4E3D-9516-2A819CB84A58}.Release|Any CPU.Build.0 = Release|Any CPU
		{EA4250DB-8903-4C99-B428-6B5348CD5D95}.Debug|Any CPU.ActiveCfg = Debug|Any CPU
		{EA4250DB-8903-4C99-B428-6B5348CD5D95}.Debug|Any CPU.Build.0 = Debug|Any CPU
		{EA4250DB-8903-4C99-B428-6B5348CD5D95}.Release|Any CPU.ActiveCfg = Release|Any CPU
		{EA4250DB-8903-4C99-B428-6B5348CD5D95}.Release|Any CPU.Build.0 = Release|Any CPU
	EndGlobalSection
	GlobalSection(SolutionProperties) = preSolution
		HideSolutionNode = FALSE
	EndGlobalSection
	GlobalSection(ExtensibilityGlobals) = postSolution
		SolutionGuid = {77BFD692-63D9-412B-968B-31880734774B}
	EndGlobalSection
EndGlobal
